
Microsoft Visual Studio Solution File, Format Version 12.00
# Visual Studio Version 17
VisualStudioVersion = 17.9.34714.143
MinimumVisualStudioVersion = 10.0.40219.1
Project("{2150E333-8FDC-42A3-9474-1A3956D46DE8}") = "Domain", "Domain", "{BE296E05-CCBF-4BAB-8F41-72F752B8701A}"
EndProject
Project("{2150E333-8FDC-42A3-9474-1A3956D46DE8}") = "Infra.Bus", "Infra.Bus", "{8DDAC9F7-078F-4366-B6F1-D7862C0DF9BA}"
EndProject
Project("{2150E333-8FDC-42A3-9474-1A3956D46DE8}") = "Infra.IoC", "Infra.IoC", "{769F5D0B-96B3-4DD1-B037-43DC918208E5}"
EndProject
Project("{2150E333-8FDC-42A3-9474-1A3956D46DE8}") = "MicroServices", "MicroServices", "{83EFAB54-5ACA-40B9-A26B-3EC24C760080}"
EndProject
Project("{2150E333-8FDC-42A3-9474-1A3956D46DE8}") = "Presentation", "Presentation", "{8AF4C42A-725A-406E-A865-AAD25C362775}"
EndProject
Project("{9A19103F-16F7-4668-BE54-9A1E7A4F7556}") = "MicroRabbit.Domain.Core", "MicroRabbit.domain.Core\MicroRabbit.Domain.Core.csproj", "{9CDD9AB9-8825-4146-975A-A3C6ADCCC399}"
EndProject
Project("{9A19103F-16F7-4668-BE54-9A1E7A4F7556}") = "MicroRabbit.Infra.Bus", "MicroRabbit.Infra.Bus\MicroRabbit.Infra.Bus.csproj", "{851431D6-9393-42A3-9BF5-E1D0B724072E}"
EndProject
Project("{FAE04EC0-301F-11D3-BF4B-00C04F79EFBC}") = "RabbitMQ.Infra.IoC", "RabbitMQ.Infra.IoC\RabbitMQ.Infra.IoC.csproj", "{717CAB2D-ED42-40E6-8CB7-2CFC4F9859CC}"
EndProject
Project("{2150E333-8FDC-42A3-9474-1A3956D46DE8}") = "Banking", "Banking", "{0A385D10-A603-42B2-A735-B12201714266}"
EndProject
Project("{2150E333-8FDC-42A3-9474-1A3956D46DE8}") = "Api", "Api", "{960B7ADA-01EF-4A2B-BAC9-1F465E0CF994}"
EndProject
Project("{2150E333-8FDC-42A3-9474-1A3956D46DE8}") = "Application", "Application", "{C8BA17C9-B5DE-4840-9C0E-7EC884671450}"
EndProject
Project("{2150E333-8FDC-42A3-9474-1A3956D46DE8}") = "Data", "Data", "{56636CF4-147C-4661-92D7-B71C1F2D9BD5}"
EndProject
Project("{2150E333-8FDC-42A3-9474-1A3956D46DE8}") = "Domain", "Domain", "{567530FC-7491-4241-A2B8-EE9636D887C5}"
EndProject
Project("{FAE04EC0-301F-11D3-BF4B-00C04F79EFBC}") = "MicorRabbit.Banking.Api", "MicorRabbitMQ.Banking.Api\MicorRabbit.Banking.Api.csproj", "{6B48D197-E16A-4D90-AF1C-3FF79CB44A3F}"
EndProject
Project("{FAE04EC0-301F-11D3-BF4B-00C04F79EFBC}") = "MicorRabbit.Banking.Application", "MicorRabbit.Banking.Application\MicorRabbit.Banking.Application.csproj", "{419F5698-986C-4666-A717-1255C20C40E7}"
EndProject
Project("{FAE04EC0-301F-11D3-BF4B-00C04F79EFBC}") = "MicorRabbit.Banking.Data", "MicorRabbit.Banking.Data\MicorRabbit.Banking.Data.csproj", "{DF876018-CC47-4E43-BCCD-CCBA0EF57A9F}"
EndProject
Project("{FAE04EC0-301F-11D3-BF4B-00C04F79EFBC}") = "MicroRabbit.Banking.Domain", "MicroRabbit.Banking.Domain\MicroRabbit.Banking.Domain.csproj", "{E62FA1BF-03AE-4DC0-A811-F292450E79DC}"
EndProject
Global
	GlobalSection(SolutionConfigurationPlatforms) = preSolution
		Debug|Any CPU = Debug|Any CPU
		Release|Any CPU = Release|Any CPU
	EndGlobalSection
	GlobalSection(ProjectConfigurationPlatforms) = postSolution
		{9CDD9AB9-8825-4146-975A-A3C6ADCCC399}.Debug|Any CPU.ActiveCfg = Debug|Any CPU
		{9CDD9AB9-8825-4146-975A-A3C6ADCCC399}.Debug|Any CPU.Build.0 = Debug|Any CPU
		{9CDD9AB9-8825-4146-975A-A3C6ADCCC399}.Release|Any CPU.ActiveCfg = Release|Any CPU
		{9CDD9AB9-8825-4146-975A-A3C6ADCCC399}.Release|Any CPU.Build.0 = Release|Any CPU
		{851431D6-9393-42A3-9BF5-E1D0B724072E}.Debug|Any CPU.ActiveCfg = Debug|Any CPU
		{851431D6-9393-42A3-9BF5-E1D0B724072E}.Debug|Any CPU.Build.0 = Debug|Any CPU
		{851431D6-9393-42A3-9BF5-E1D0B724072E}.Release|Any CPU.ActiveCfg = Release|Any CPU
		{851431D6-9393-42A3-9BF5-E1D0B724072E}.Release|Any CPU.Build.0 = Release|Any CPU
		{717CAB2D-ED42-40E6-8CB7-2CFC4F9859CC}.Debug|Any CPU.ActiveCfg = Debug|Any CPU
		{717CAB2D-ED42-40E6-8CB7-2CFC4F9859CC}.Debug|Any CPU.Build.0 = Debug|Any CPU
		{717CAB2D-ED42-40E6-8CB7-2CFC4F9859CC}.Release|Any CPU.ActiveCfg = Release|Any CPU
		{717CAB2D-ED42-40E6-8CB7-2CFC4F9859CC}.Release|Any CPU.Build.0 = Release|Any CPU
		{6B48D197-E16A-4D90-AF1C-3FF79CB44A3F}.Debug|Any CPU.ActiveCfg = Debug|Any CPU
		{6B48D197-E16A-4D90-AF1C-3FF79CB44A3F}.Debug|Any CPU.Build.0 = Debug|Any CPU
		{6B48D197-E16A-4D90-AF1C-3FF79CB44A3F}.Release|Any CPU.ActiveCfg = Release|Any CPU
		{6B48D197-E16A-4D90-AF1C-3FF79CB44A3F}.Release|Any CPU.Build.0 = Release|Any CPU
		{419F5698-986C-4666-A717-1255C20C40E7}.Debug|Any CPU.ActiveCfg = Debug|Any CPU
		{419F5698-986C-4666-A717-1255C20C40E7}.Debug|Any CPU.Build.0 = Debug|Any CPU
		{419F5698-986C-4666-A717-1255C20C40E7}.Release|Any CPU.ActiveCfg = Release|Any CPU
		{419F5698-986C-4666-A717-1255C20C40E7}.Release|Any CPU.Build.0 = Release|Any CPU
		{DF876018-CC47-4E43-BCCD-CCBA0EF57A9F}.Debug|Any CPU.ActiveCfg = Debug|Any CPU
		{DF876018-CC47-4E43-BCCD-CCBA0EF57A9F}.Debug|Any CPU.Build.0 = Debug|Any CPU
		{DF876018-CC47-4E43-BCCD-CCBA0EF57A9F}.Release|Any CPU.ActiveCfg = Release|Any CPU
		{DF876018-CC47-4E43-BCCD-CCBA0EF57A9F}.Release|Any CPU.Build.0 = Release|Any CPU
		{E62FA1BF-03AE-4DC0-A811-F292450E79DC}.Debug|Any CPU.ActiveCfg = Debug|Any CPU
		{E62FA1BF-03AE-4DC0-A811-F292450E79DC}.Debug|Any CPU.Build.0 = Debug|Any CPU
		{E62FA1BF-03AE-4DC0-A811-F292450E79DC}.Release|Any CPU.ActiveCfg = Release|Any CPU
		{E62FA1BF-03AE-4DC0-A811-F292450E79DC}.Release|Any CPU.Build.0 = Release|Any CPU
	EndGlobalSection
	GlobalSection(SolutionProperties) = preSolution
		HideSolutionNode = FALSE
	EndGlobalSection
	GlobalSection(NestedProjects) = preSolution
		{9CDD9AB9-8825-4146-975A-A3C6ADCCC399} = {BE296E05-CCBF-4BAB-8F41-72F752B8701A}
		{851431D6-9393-42A3-9BF5-E1D0B724072E} = {8DDAC9F7-078F-4366-B6F1-D7862C0DF9BA}
		{717CAB2D-ED42-40E6-8CB7-2CFC4F9859CC} = {769F5D0B-96B3-4DD1-B037-43DC918208E5}
		{0A385D10-A603-42B2-A735-B12201714266} = {83EFAB54-5ACA-40B9-A26B-3EC24C760080}
		{960B7ADA-01EF-4A2B-BAC9-1F465E0CF994} = {0A385D10-A603-42B2-A735-B12201714266}
		{C8BA17C9-B5DE-4840-9C0E-7EC884671450} = {0A385D10-A603-42B2-A735-B12201714266}
		{56636CF4-147C-4661-92D7-B71C1F2D9BD5} = {0A385D10-A603-42B2-A735-B12201714266}
		{567530FC-7491-4241-A2B8-EE9636D887C5} = {0A385D10-A603-42B2-A735-B12201714266}
		{6B48D197-E16A-4D90-AF1C-3FF79CB44A3F} = {960B7ADA-01EF-4A2B-BAC9-1F465E0CF994}
		{419F5698-986C-4666-A717-1255C20C40E7} = {C8BA17C9-B5DE-4840-9C0E-7EC884671450}
		{DF876018-CC47-4E43-BCCD-CCBA0EF57A9F} = {56636CF4-147C-4661-92D7-B71C1F2D9BD5}
		{E62FA1BF-03AE-4DC0-A811-F292450E79DC} = {567530FC-7491-4241-A2B8-EE9636D887C5}
	EndGlobalSection
	GlobalSection(ExtensibilityGlobals) = postSolution
		SolutionGuid = {128A81BA-DAF7-434C-AB8B-226D4EECED6C}
	EndGlobalSection
EndGlobal
