
Microsoft Visual Studio Solution File, Format Version 12.00
# Visual Studio Version 17
VisualStudioVersion = 17.9.34714.143
MinimumVisualStudioVersion = 10.0.40219.1
Project("{2150E333-8FDC-42A3-9474-1A3956D46DE8}") = "Domain", "Domain", "{BE296E05-CCBF-4BAB-8F41-72F752B8701A}"
EndProject
Project("{2150E333-8FDC-42A3-9474-1A3956D46DE8}") = "Infra.Bus", "Infra.Bus", "{8DDAC9F7-078F-4366-B6F1-D7862C0DF9BA}"
EndProject
Project("{2150E333-8FDC-42A3-9474-1A3956D46DE8}") = "Infra.IoC", "Infra.IoC", "{769F5D0B-96B3-4DD1-B037-43DC918208E5}"
EndProject
Project("{2150E333-8FDC-42A3-9474-1A3956D46DE8}") = "MicroServices", "MicroServices", "{83EFAB54-5ACA-40B9-A26B-3EC24C760080}"
EndProject
Project("{2150E333-8FDC-42A3-9474-1A3956D46DE8}") = "Presentation", "Presentation", "{8AF4C42A-725A-406E-A865-AAD25C362775}"
EndProject
Project("{9A19103F-16F7-4668-BE54-9A1E7A4F7556}") = "MicroRabbit.Domain.Core", "MicroRabbit.domain.Core\MicroRabbit.Domain.Core.csproj", "{9CDD9AB9-8825-4146-975A-A3C6ADCCC399}"
EndProject
Project("{9A19103F-16F7-4668-BE54-9A1E7A4F7556}") = "MicroRabbit.Infra.Bus", "MicroRabbit.Infra.Bus\MicroRabbit.Infra.Bus.csproj", "{851431D6-9393-42A3-9BF5-E1D0B724072E}"
EndProject
Project("{FAE04EC0-301F-11D3-BF4B-00C04F79EFBC}") = "MicroRabbit.Infra.IoC", "RabbitMQ.Infra.IoC\MicroRabbit.Infra.IoC.csproj", "{717CAB2D-ED42-40E6-8CB7-2CFC4F9859CC}"
EndProject
Project("{2150E333-8FDC-42A3-9474-1A3956D46DE8}") = "Banking", "Banking", "{0A385D10-A603-42B2-A735-B12201714266}"
EndProject
Project("{2150E333-8FDC-42A3-9474-1A3956D46DE8}") = "Api", "Api", "{960B7ADA-01EF-4A2B-BAC9-1F465E0CF994}"
EndProject
Project("{2150E333-8FDC-42A3-9474-1A3956D46DE8}") = "Data", "Data", "{56636CF4-147C-4661-92D7-B71C1F2D9BD5}"
EndProject
Project("{2150E333-8FDC-42A3-9474-1A3956D46DE8}") = "Domain", "Domain", "{567530FC-7491-4241-A2B8-EE9636D887C5}"
EndProject
Project("{FAE04EC0-301F-11D3-BF4B-00C04F79EFBC}") = "MicorRabbit.Banking.Api", "MicorRabbitMQ.Banking.Api\MicorRabbit.Banking.Api.csproj", "{6B48D197-E16A-4D90-AF1C-3FF79CB44A3F}"
EndProject
Project("{FAE04EC0-301F-11D3-BF4B-00C04F79EFBC}") = "MicroRabbit.Banking.Data", "MicorRabbit.Banking.Data\MicroRabbit.Banking.Data.csproj", "{DF876018-CC47-4E43-BCCD-CCBA0EF57A9F}"
EndProject
Project("{FAE04EC0-301F-11D3-BF4B-00C04F79EFBC}") = "MicroRabbit.Banking.Domain", "MicroRabbit.Banking.Domain\MicroRabbit.Banking.Domain.csproj", "{E62FA1BF-03AE-4DC0-A811-F292450E79DC}"
EndProject
Project("{2150E333-8FDC-42A3-9474-1A3956D46DE8}") = "Application", "Application", "{D9FD26C9-B65F-4DDF-B0CE-7BE582A56ADF}"
EndProject
Project("{FAE04EC0-301F-11D3-BF4B-00C04F79EFBC}") = "MicroRabbit.Banking.Application", "MicroRabbit.Banking.Application\MicroRabbit.Banking.Application.csproj", "{53523F90-BA35-49CB-8CC2-B20408A5D85A}"
EndProject
Project("{2150E333-8FDC-42A3-9474-1A3956D46DE8}") = "Transfer", "Transfer", "{A52259F9-3C6A-490E-B297-621C64C5DCB4}"
EndProject
Project("{2150E333-8FDC-42A3-9474-1A3956D46DE8}") = "Api", "Api", "{F35C92F9-9F97-4532-8E84-AC7311003C67}"
EndProject
Project("{2150E333-8FDC-42A3-9474-1A3956D46DE8}") = "Application", "Application", "{FA64A20B-2E82-4CD8-B141-F501195026BA}"
EndProject
Project("{2150E333-8FDC-42A3-9474-1A3956D46DE8}") = "Data", "Data", "{0DE95946-A0D0-42ED-9BB5-4B99E09C870C}"
EndProject
Project("{FAE04EC0-301F-11D3-BF4B-00C04F79EFBC}") = "MicroRabbit.Transfer.Api", "MicroRabbit.Transfer.Api\MicroRabbit.Transfer.Api.csproj", "{F244B391-A527-4960-AD35-F5FC6188D3AC}"
EndProject
Project("{FAE04EC0-301F-11D3-BF4B-00C04F79EFBC}") = "MicroRabbit.Transfer.Application", "MicroRabbit.Transfer.Application\MicroRabbit.Transfer.Application.csproj", "{D7040E73-8237-49C3-AC88-A723E4DEC094}"
EndProject
Project("{FAE04EC0-301F-11D3-BF4B-00C04F79EFBC}") = "MicroRabbit.Transfer.Data", "MicroRabbit.Transfer.Data\MicroRabbit.Transfer.Data.csproj", "{3BD88C20-79CE-44C3-B198-762443D1AF96}"
EndProject
Project("{2150E333-8FDC-42A3-9474-1A3956D46DE8}") = "Domain", "Domain", "{3555EE26-433A-43CE-B895-291DC8DC7A16}"
EndProject
Project("{FAE04EC0-301F-11D3-BF4B-00C04F79EFBC}") = "MicroRabbit.Transfer.Domain", "MicroRabbit.Transfer.Domain\MicroRabbit.Transfer.Domain.csproj", "{C8ACE040-5DB9-48A9-8184-9D105C27D01A}"
EndProject
Project("{2150E333-8FDC-42A3-9474-1A3956D46DE8}") = "CommandHandlers", "CommandHandlers", "{E48AE8A6-C750-41B6-A23D-DFFDF132C648}"
EndProject
Project("{2150E333-8FDC-42A3-9474-1A3956D46DE8}") = "Commands", "Commands", "{D8990E19-5E29-4A42-AEE7-CA8A97F3EDCC}"
EndProject
Project("{2150E333-8FDC-42A3-9474-1A3956D46DE8}") = "Events", "Events", "{C6029F75-450A-4DBB-91E7-1CCA0187FF58}"
EndProject
Project("{2150E333-8FDC-42A3-9474-1A3956D46DE8}") = "EventHandlers", "EventHandlers", "{56661FAA-A88E-4034-8D0B-EC640FCD2CD6}"
EndProject
Project("{2150E333-8FDC-42A3-9474-1A3956D46DE8}") = "Interfaces", "Interfaces", "{26F0929F-75CA-44E3-AA57-FBE4BA0F1F0C}"
EndProject
Project("{2150E333-8FDC-42A3-9474-1A3956D46DE8}") = "Models", "Models", "{E9775A16-81BA-4DD3-899D-03D2AFE19E75}"
EndProject
Global
	GlobalSection(SolutionConfigurationPlatforms) = preSolution
		Debug|Any CPU = Debug|Any CPU
		Release|Any CPU = Release|Any CPU
	EndGlobalSection
	GlobalSection(ProjectConfigurationPlatforms) = postSolution
		{9CDD9AB9-8825-4146-975A-A3C6ADCCC399}.Debug|Any CPU.ActiveCfg = Debug|Any CPU
		{9CDD9AB9-8825-4146-975A-A3C6ADCCC399}.Debug|Any CPU.Build.0 = Debug|Any CPU
		{9CDD9AB9-8825-4146-975A-A3C6ADCCC399}.Release|Any CPU.ActiveCfg = Release|Any CPU
		{9CDD9AB9-8825-4146-975A-A3C6ADCCC399}.Release|Any CPU.Build.0 = Release|Any CPU
		{851431D6-9393-42A3-9BF5-E1D0B724072E}.Debug|Any CPU.ActiveCfg = Debug|Any CPU
		{851431D6-9393-42A3-9BF5-E1D0B724072E}.Debug|Any CPU.Build.0 = Debug|Any CPU
		{851431D6-9393-42A3-9BF5-E1D0B724072E}.Release|Any CPU.ActiveCfg = Release|Any CPU
		{851431D6-9393-42A3-9BF5-E1D0B724072E}.Release|Any CPU.Build.0 = Release|Any CPU
		{717CAB2D-ED42-40E6-8CB7-2CFC4F9859CC}.Debug|Any CPU.ActiveCfg = Debug|Any CPU
		{717CAB2D-ED42-40E6-8CB7-2CFC4F9859CC}.Debug|Any CPU.Build.0 = Debug|Any CPU
		{717CAB2D-ED42-40E6-8CB7-2CFC4F9859CC}.Release|Any CPU.ActiveCfg = Release|Any CPU
		{717CAB2D-ED42-40E6-8CB7-2CFC4F9859CC}.Release|Any CPU.Build.0 = Release|Any CPU
		{6B48D197-E16A-4D90-AF1C-3FF79CB44A3F}.Debug|Any CPU.ActiveCfg = Debug|Any CPU
		{6B48D197-E16A-4D90-AF1C-3FF79CB44A3F}.Debug|Any CPU.Build.0 = Debug|Any CPU
		{6B48D197-E16A-4D90-AF1C-3FF79CB44A3F}.Release|Any CPU.ActiveCfg = Release|Any CPU
		{6B48D197-E16A-4D90-AF1C-3FF79CB44A3F}.Release|Any CPU.Build.0 = Release|Any CPU
		{DF876018-CC47-4E43-BCCD-CCBA0EF57A9F}.Debug|Any CPU.ActiveCfg = Debug|Any CPU
		{DF876018-CC47-4E43-BCCD-CCBA0EF57A9F}.Debug|Any CPU.Build.0 = Debug|Any CPU
		{DF876018-CC47-4E43-BCCD-CCBA0EF57A9F}.Release|Any CPU.ActiveCfg = Release|Any CPU
		{DF876018-CC47-4E43-BCCD-CCBA0EF57A9F}.Release|Any CPU.Build.0 = Release|Any CPU
		{E62FA1BF-03AE-4DC0-A811-F292450E79DC}.Debug|Any CPU.ActiveCfg = Debug|Any CPU
		{E62FA1BF-03AE-4DC0-A811-F292450E79DC}.Debug|Any CPU.Build.0 = Debug|Any CPU
		{E62FA1BF-03AE-4DC0-A811-F292450E79DC}.Release|Any CPU.ActiveCfg = Release|Any CPU
		{E62FA1BF-03AE-4DC0-A811-F292450E79DC}.Release|Any CPU.Build.0 = Release|Any CPU
		{53523F90-BA35-49CB-8CC2-B20408A5D85A}.Debug|Any CPU.ActiveCfg = Debug|Any CPU
		{53523F90-BA35-49CB-8CC2-B20408A5D85A}.Debug|Any CPU.Build.0 = Debug|Any CPU
		{53523F90-BA35-49CB-8CC2-B20408A5D85A}.Release|Any CPU.ActiveCfg = Release|Any CPU
		{53523F90-BA35-49CB-8CC2-B20408A5D85A}.Release|Any CPU.Build.0 = Release|Any CPU
		{F244B391-A527-4960-AD35-F5FC6188D3AC}.Debug|Any CPU.ActiveCfg = Debug|Any CPU
		{F244B391-A527-4960-AD35-F5FC6188D3AC}.Debug|Any CPU.Build.0 = Debug|Any CPU
		{F244B391-A527-4960-AD35-F5FC6188D3AC}.Release|Any CPU.ActiveCfg = Release|Any CPU
		{F244B391-A527-4960-AD35-F5FC6188D3AC}.Release|Any CPU.Build.0 = Release|Any CPU
		{D7040E73-8237-49C3-AC88-A723E4DEC094}.Debug|Any CPU.ActiveCfg = Debug|Any CPU
		{D7040E73-8237-49C3-AC88-A723E4DEC094}.Debug|Any CPU.Build.0 = Debug|Any CPU
		{D7040E73-8237-49C3-AC88-A723E4DEC094}.Release|Any CPU.ActiveCfg = Release|Any CPU
		{D7040E73-8237-49C3-AC88-A723E4DEC094}.Release|Any CPU.Build.0 = Release|Any CPU
		{3BD88C20-79CE-44C3-B198-762443D1AF96}.Debug|Any CPU.ActiveCfg = Debug|Any CPU
		{3BD88C20-79CE-44C3-B198-762443D1AF96}.Debug|Any CPU.Build.0 = Debug|Any CPU
		{3BD88C20-79CE-44C3-B198-762443D1AF96}.Release|Any CPU.ActiveCfg = Release|Any CPU
		{3BD88C20-79CE-44C3-B198-762443D1AF96}.Release|Any CPU.Build.0 = Release|Any CPU
		{C8ACE040-5DB9-48A9-8184-9D105C27D01A}.Debug|Any CPU.ActiveCfg = Debug|Any CPU
		{C8ACE040-5DB9-48A9-8184-9D105C27D01A}.Debug|Any CPU.Build.0 = Debug|Any CPU
		{C8ACE040-5DB9-48A9-8184-9D105C27D01A}.Release|Any CPU.ActiveCfg = Release|Any CPU
		{C8ACE040-5DB9-48A9-8184-9D105C27D01A}.Release|Any CPU.Build.0 = Release|Any CPU
	EndGlobalSection
	GlobalSection(SolutionProperties) = preSolution
		HideSolutionNode = FALSE
	EndGlobalSection
	GlobalSection(NestedProjects) = preSolution
		{9CDD9AB9-8825-4146-975A-A3C6ADCCC399} = {BE296E05-CCBF-4BAB-8F41-72F752B8701A}
		{851431D6-9393-42A3-9BF5-E1D0B724072E} = {8DDAC9F7-078F-4366-B6F1-D7862C0DF9BA}
		{717CAB2D-ED42-40E6-8CB7-2CFC4F9859CC} = {769F5D0B-96B3-4DD1-B037-43DC918208E5}
		{0A385D10-A603-42B2-A735-B12201714266} = {83EFAB54-5ACA-40B9-A26B-3EC24C760080}
		{960B7ADA-01EF-4A2B-BAC9-1F465E0CF994} = {0A385D10-A603-42B2-A735-B12201714266}
		{56636CF4-147C-4661-92D7-B71C1F2D9BD5} = {0A385D10-A603-42B2-A735-B12201714266}
		{567530FC-7491-4241-A2B8-EE9636D887C5} = {0A385D10-A603-42B2-A735-B12201714266}
		{6B48D197-E16A-4D90-AF1C-3FF79CB44A3F} = {960B7ADA-01EF-4A2B-BAC9-1F465E0CF994}
		{DF876018-CC47-4E43-BCCD-CCBA0EF57A9F} = {56636CF4-147C-4661-92D7-B71C1F2D9BD5}
		{E62FA1BF-03AE-4DC0-A811-F292450E79DC} = {567530FC-7491-4241-A2B8-EE9636D887C5}
		{D9FD26C9-B65F-4DDF-B0CE-7BE582A56ADF} = {0A385D10-A603-42B2-A735-B12201714266}
		{53523F90-BA35-49CB-8CC2-B20408A5D85A} = {D9FD26C9-B65F-4DDF-B0CE-7BE582A56ADF}
		{A52259F9-3C6A-490E-B297-621C64C5DCB4} = {83EFAB54-5ACA-40B9-A26B-3EC24C760080}
		{F35C92F9-9F97-4532-8E84-AC7311003C67} = {A52259F9-3C6A-490E-B297-621C64C5DCB4}
		{FA64A20B-2E82-4CD8-B141-F501195026BA} = {A52259F9-3C6A-490E-B297-621C64C5DCB4}
		{0DE95946-A0D0-42ED-9BB5-4B99E09C870C} = {A52259F9-3C6A-490E-B297-621C64C5DCB4}
		{F244B391-A527-4960-AD35-F5FC6188D3AC} = {F35C92F9-9F97-4532-8E84-AC7311003C67}
		{D7040E73-8237-49C3-AC88-A723E4DEC094} = {FA64A20B-2E82-4CD8-B141-F501195026BA}
		{3BD88C20-79CE-44C3-B198-762443D1AF96} = {0DE95946-A0D0-42ED-9BB5-4B99E09C870C}
		{3555EE26-433A-43CE-B895-291DC8DC7A16} = {A52259F9-3C6A-490E-B297-621C64C5DCB4}
		{C8ACE040-5DB9-48A9-8184-9D105C27D01A} = {3555EE26-433A-43CE-B895-291DC8DC7A16}
		{E48AE8A6-C750-41B6-A23D-DFFDF132C648} = {3555EE26-433A-43CE-B895-291DC8DC7A16}
		{D8990E19-5E29-4A42-AEE7-CA8A97F3EDCC} = {3555EE26-433A-43CE-B895-291DC8DC7A16}
		{C6029F75-450A-4DBB-91E7-1CCA0187FF58} = {3555EE26-433A-43CE-B895-291DC8DC7A16}
		{56661FAA-A88E-4034-8D0B-EC640FCD2CD6} = {3555EE26-433A-43CE-B895-291DC8DC7A16}
		{26F0929F-75CA-44E3-AA57-FBE4BA0F1F0C} = {3555EE26-433A-43CE-B895-291DC8DC7A16}
		{E9775A16-81BA-4DD3-899D-03D2AFE19E75} = {3555EE26-433A-43CE-B895-291DC8DC7A16}
	EndGlobalSection
	GlobalSection(ExtensibilityGlobals) = postSolution
		SolutionGuid = {128A81BA-DAF7-434C-AB8B-226D4EECED6C}
	EndGlobalSection
EndGlobal
